
Microsoft Visual Studio Solution File, Format Version 12.00
# Visual Studio 15
VisualStudioVersion = 15.0.28010.0
MinimumVisualStudioVersion = 10.0.40219.1
Project("{2150E333-8FDC-42A3-9474-1A3956D46DE8}") = "Common", "Common", "{EF58F7DE-15F3-4E34-8AA8-B205567ECEF4}"
EndProject
Project("{2150E333-8FDC-42A3-9474-1A3956D46DE8}") = "Integration", "Integration", "{EEC6A664-BD3D-4CD9-A0A9-B6BE64F88ED1}"
EndProject
Project("{2150E333-8FDC-42A3-9474-1A3956D46DE8}") = "Platform", "Platform", "{FB2D1C32-ED0A-46E2-B811-225CC3127490}"
EndProject
Project("{2150E333-8FDC-42A3-9474-1A3956D46DE8}") = "Test", "Test", "{7DBC6D82-95D1-424F-A3E6-23AB4799740B}"
EndProject
Project("{FAE04EC0-301F-11D3-BF4B-00C04F79EFBC}") = "Arbiter", "Common\Arbiter\Arbiter.csproj", "{EDBD2C96-37F0-44AE-A15F-9E35AE63AA20}"
EndProject
Project("{FAE04EC0-301F-11D3-BF4B-00C04F79EFBC}") = "ForexPlatform", "Platform\ForexPlatform\ForexPlatform.csproj", "{AEC78DC5-5E00-439A-ABA0-0579E09F892C}"
EndProject
Project("{8BC9CEB8-8B4A-11D0-8D11-00A0C91BC942}") = "MT4Integration", "Integration\MT4IntegrationDLL\Integration.vcxproj", "{E07DE234-D06D-44E0-8F3C-5D107363D570}"
EndProject
Project("{FAE04EC0-301F-11D3-BF4B-00C04F79EFBC}") = "ForexPlatformFrontEnd", "FrontEnd\ForexPlatformFrontEnd\ForexPlatformFrontEnd.csproj", "{85985191-4247-41EF-BE4E-4E65B0E3925D}"
EndProject
Project("{FAE04EC0-301F-11D3-BF4B-00C04F79EFBC}") = "CommonSupport", "Common\CommonSupport\CommonSupport.csproj", "{172034CD-F109-44BD-9A27-ACBEF8C41B88}"
EndProject
Project("{FAE04EC0-301F-11D3-BF4B-00C04F79EFBC}") = "CommonFinancial", "Common\CommonFinancial\CommonFinancial.csproj", "{075EA77E-6ED3-40C9-8571-D74BC0A848EB}"
EndProject
Project("{FAE04EC0-301F-11D3-BF4B-00C04F79EFBC}") = "ForexPlatformClient", "FrontEnd\ForexPlatformClient\ForexPlatformClient.csproj", "{9137AECA-DA61-49BF-A510-B3399C54E951}"
EndProject
Project("{FAE04EC0-301F-11D3-BF4B-00C04F79EFBC}") = "ForexPlatformPersistence", "Platform\ForexPlatformPersistency\ForexPlatformPersistence.csproj", "{292F1097-F614-4796-8A21-9F08DB5E3442}"
EndProject
Project("{FAE04EC0-301F-11D3-BF4B-00C04F79EFBC}") = "MT4Adapter", "Integration\MT4Adapter\MT4Adapter.csproj", "{1AE0F0B4-DDD6-4AB8-A014-F995783CDFFA}"
EndProject
Project("{FAE04EC0-301F-11D3-BF4B-00C04F79EFBC}") = "AutonomousTracer", "Common\AutonomousTracer\AutonomousTracer.csproj", "{47300472-CFBC-45F0-8C7F-5F7671BB5F83}"
EndProject
Project("{FAE04EC0-301F-11D3-BF4B-00C04F79EFBC}") = "ExternalIndicatorAssemblyTest", "Test\ExternalIndicatorAssemblyTest\ExternalIndicatorAssemblyTest.csproj", "{EFAADE60-F7B2-4E50-8F49-1C0912C36153}"
EndProject
Global
	GlobalSection(SolutionConfigurationPlatforms) = preSolution
		Debug|Win32 = Debug|Win32
		Release|Win32 = Release|Win32
	EndGlobalSection
	GlobalSection(ProjectConfigurationPlatforms) = postSolution
		{EDBD2C96-37F0-44AE-A15F-9E35AE63AA20}.Debug|Win32.ActiveCfg = Debug|x86
		{EDBD2C96-37F0-44AE-A15F-9E35AE63AA20}.Debug|Win32.Build.0 = Debug|x86
		{EDBD2C96-37F0-44AE-A15F-9E35AE63AA20}.Release|Win32.ActiveCfg = Release|x86
		{EDBD2C96-37F0-44AE-A15F-9E35AE63AA20}.Release|Win32.Build.0 = Release|x86
		{AEC78DC5-5E00-439A-ABA0-0579E09F892C}.Debug|Win32.ActiveCfg = Debug|x86
		{AEC78DC5-5E00-439A-ABA0-0579E09F892C}.Debug|Win32.Build.0 = Debug|x86
		{AEC78DC5-5E00-439A-ABA0-0579E09F892C}.Release|Win32.ActiveCfg = Release|x86
		{AEC78DC5-5E00-439A-ABA0-0579E09F892C}.Release|Win32.Build.0 = Release|x86
		{E07DE234-D06D-44E0-8F3C-5D107363D570}.Debug|Win32.ActiveCfg = Debug|Win32
		{E07DE234-D06D-44E0-8F3C-5D107363D570}.Debug|Win32.Build.0 = Debug|Win32
		{E07DE234-D06D-44E0-8F3C-5D107363D570}.Release|Win32.ActiveCfg = Release|Win32
		{E07DE234-D06D-44E0-8F3C-5D107363D570}.Release|Win32.Build.0 = Release|Win32
		{85985191-4247-41EF-BE4E-4E65B0E3925D}.Debug|Win32.ActiveCfg = Debug|x86
		{85985191-4247-41EF-BE4E-4E65B0E3925D}.Debug|Win32.Build.0 = Debug|x86
		{85985191-4247-41EF-BE4E-4E65B0E3925D}.Release|Win32.ActiveCfg = Release|x86
		{85985191-4247-41EF-BE4E-4E65B0E3925D}.Release|Win32.Build.0 = Release|x86
		{172034CD-F109-44BD-9A27-ACBEF8C41B88}.Debug|Win32.ActiveCfg = Debug|x86
		{172034CD-F109-44BD-9A27-ACBEF8C41B88}.Debug|Win32.Build.0 = Debug|x86
		{172034CD-F109-44BD-9A27-ACBEF8C41B88}.Release|Win32.ActiveCfg = Release|x86
		{172034CD-F109-44BD-9A27-ACBEF8C41B88}.Release|Win32.Build.0 = Release|x86
		{075EA77E-6ED3-40C9-8571-D74BC0A848EB}.Debug|Win32.ActiveCfg = Debug|x86
		{075EA77E-6ED3-40C9-8571-D74BC0A848EB}.Debug|Win32.Build.0 = Debug|x86
		{075EA77E-6ED3-40C9-8571-D74BC0A848EB}.Release|Win32.ActiveCfg = Release|x86
		{075EA77E-6ED3-40C9-8571-D74BC0A848EB}.Release|Win32.Build.0 = Release|x86
		{9137AECA-DA61-49BF-A510-B3399C54E951}.Debug|Win32.ActiveCfg = Debug|x86
		{9137AECA-DA61-49BF-A510-B3399C54E951}.Debug|Win32.Build.0 = Debug|x86
		{9137AECA-DA61-49BF-A510-B3399C54E951}.Release|Win32.ActiveCfg = Release|x86
		{9137AECA-DA61-49BF-A510-B3399C54E951}.Release|Win32.Build.0 = Release|x86
		{292F1097-F614-4796-8A21-9F08DB5E3442}.Debug|Win32.ActiveCfg = Debug|x86
		{292F1097-F614-4796-8A21-9F08DB5E3442}.Debug|Win32.Build.0 = Debug|x86
		{292F1097-F614-4796-8A21-9F08DB5E3442}.Release|Win32.ActiveCfg = Release|x86
		{292F1097-F614-4796-8A21-9F08DB5E3442}.Release|Win32.Build.0 = Release|x86
		{1AE0F0B4-DDD6-4AB8-A014-F995783CDFFA}.Debug|Win32.ActiveCfg = Debug|x86
		{1AE0F0B4-DDD6-4AB8-A014-F995783CDFFA}.Debug|Win32.Build.0 = Debug|x86
		{1AE0F0B4-DDD6-4AB8-A014-F995783CDFFA}.Release|Win32.ActiveCfg = Release|x86
		{1AE0F0B4-DDD6-4AB8-A014-F995783CDFFA}.Release|Win32.Build.0 = Release|x86
		{47300472-CFBC-45F0-8C7F-5F7671BB5F83}.Debug|Win32.ActiveCfg = Debug|x86
		{47300472-CFBC-45F0-8C7F-5F7671BB5F83}.Debug|Win32.Build.0 = Debug|x86
		{47300472-CFBC-45F0-8C7F-5F7671BB5F83}.Release|Win32.ActiveCfg = Release|x86
		{47300472-CFBC-45F0-8C7F-5F7671BB5F83}.Release|Win32.Build.0 = Release|x86
		{EFAADE60-F7B2-4E50-8F49-1C0912C36153}.Debug|Win32.ActiveCfg = Debug|x86
		{EFAADE60-F7B2-4E50-8F49-1C0912C36153}.Debug|Win32.Build.0 = Debug|x86
		{EFAADE60-F7B2-4E50-8F49-1C0912C36153}.Release|Win32.ActiveCfg = Release|x86
		{EFAADE60-F7B2-4E50-8F49-1C0912C36153}.Release|Win32.Build.0 = Release|x86
	EndGlobalSection
	GlobalSection(SolutionProperties) = preSolution
		HideSolutionNode = FALSE
	EndGlobalSection
	GlobalSection(NestedProjects) = preSolution
		{EDBD2C96-37F0-44AE-A15F-9E35AE63AA20} = {EF58F7DE-15F3-4E34-8AA8-B205567ECEF4}
		{AEC78DC5-5E00-439A-ABA0-0579E09F892C} = {FB2D1C32-ED0A-46E2-B811-225CC3127490}
		{E07DE234-D06D-44E0-8F3C-5D107363D570} = {EEC6A664-BD3D-4CD9-A0A9-B6BE64F88ED1}
		{85985191-4247-41EF-BE4E-4E65B0E3925D} = {FB2D1C32-ED0A-46E2-B811-225CC3127490}
		{172034CD-F109-44BD-9A27-ACBEF8C41B88} = {EF58F7DE-15F3-4E34-8AA8-B205567ECEF4}
		{075EA77E-6ED3-40C9-8571-D74BC0A848EB} = {EF58F7DE-15F3-4E34-8AA8-B205567ECEF4}
		{9137AECA-DA61-49BF-A510-B3399C54E951} = {FB2D1C32-ED0A-46E2-B811-225CC3127490}
		{292F1097-F614-4796-8A21-9F08DB5E3442} = {FB2D1C32-ED0A-46E2-B811-225CC3127490}
		{1AE0F0B4-DDD6-4AB8-A014-F995783CDFFA} = {EEC6A664-BD3D-4CD9-A0A9-B6BE64F88ED1}
		{47300472-CFBC-45F0-8C7F-5F7671BB5F83} = {EF58F7DE-15F3-4E34-8AA8-B205567ECEF4}
		{EFAADE60-F7B2-4E50-8F49-1C0912C36153} = {7DBC6D82-95D1-424F-A3E6-23AB4799740B}
	EndGlobalSection
	GlobalSection(ExtensibilityGlobals) = postSolution
		SolutionGuid = {9B603EDF-D7B5-4448-ABCC-D8E23289AE23}
	EndGlobalSection
	GlobalSection(SubversionScc) = preSolution
		Svn-Managed = True
		Manager = AnkhSVN - Subversion Support for Visual Studio
	EndGlobalSection
EndGlobal
