
Microsoft Visual Studio Solution File, Format Version 10.00
# Visual Studio 2008
Project("{FAE04EC0-301F-11D3-BF4B-00C04F79EFBC}") = "ForexPlatform", "ForexPlatform.csproj", "{AEC78DC5-5E00-439A-ABA0-0579E09F892C}"
EndProject
Global
	GlobalSection(SolutionConfigurationPlatforms) = preSolution
		Debug|Any CPU = Debug|Any CPU
		Release|Any CPU = Release|Any CPU
	EndGlobalSection
	GlobalSection(ProjectConfigurationPlatforms) = postSolution
		{AEC78DC5-5E00-439A-ABA0-0579E09F892C}.Debug|Any CPU.ActiveCfg = Debug|Any CPU
		{AEC78DC5-5E00-439A-ABA0-0579E09F892C}.Debug|Any CPU.Build.0 = Debug|Any CPU
		{AEC78DC5-5E00-439A-ABA0-0579E09F892C}.Release|Any CPU.ActiveCfg = Release|Any CPU
		{AEC78DC5-5E00-439A-ABA0-0579E09F892C}.Release|Any CPU.Build.0 = Release|Any CPU
	EndGlobalSection
	GlobalSection(SolutionProperties) = preSolution
		HideSolutionNode = FALSE
	EndGlobalSection
EndGlobal
